
Microsoft Visual Studio Solution File, Format Version 12.00
# Visual Studio Version 17
VisualStudioVersion = 17.7.34031.279
MinimumVisualStudioVersion = 10.0.40219.1
Project("{FAE04EC0-301F-11D3-BF4B-00C04F79EFBC}") = "Azure_Functions_Demo", "Azure_Functions_Demo.csproj", "{95E15193-1DFE-4C28-8E0A-863A7C04D075}"
EndProject
Global
	GlobalSection(SolutionConfigurationPlatforms) = preSolution
		Debug|Any CPU = Debug|Any CPU
		Release|Any CPU = Release|Any CPU
	EndGlobalSection
	GlobalSection(ProjectConfigurationPlatforms) = postSolution
		{95E15193-1DFE-4C28-8E0A-863A7C04D075}.Debug|Any CPU.ActiveCfg = Debug|Any CPU
		{95E15193-1DFE-4C28-8E0A-863A7C04D075}.Debug|Any CPU.Build.0 = Debug|Any CPU
		{95E15193-1DFE-4C28-8E0A-863A7C04D075}.Release|Any CPU.ActiveCfg = Release|Any CPU
		{95E15193-1DFE-4C28-8E0A-863A7C04D075}.Release|Any CPU.Build.0 = Release|Any CPU
	EndGlobalSection
	GlobalSection(SolutionProperties) = preSolution
		HideSolutionNode = FALSE
	EndGlobalSection
	GlobalSection(ExtensibilityGlobals) = postSolution
		SolutionGuid = {8386141E-A9D0-4160-8911-C1724AC649B8}
	EndGlobalSection
EndGlobal
